
Microsoft Visual Studio Solution File, Format Version 12.00
# Visual Studio Version 16
VisualStudioVersion = 16.0.29326.143
MinimumVisualStudioVersion = 10.0.40219.1
Project("{FAE04EC0-301F-11D3-BF4B-00C04F79EFBC}") = "test", "test.csproj", "{CA671EB9-DADD-4D06-8FDE-B77100840FE5}"
EndProject
Global
	GlobalSection(SolutionConfigurationPlatforms) = preSolution
		Debug|Any CPU = Debug|Any CPU
		Release|Any CPU = Release|Any CPU
	EndGlobalSection
	GlobalSection(ProjectConfigurationPlatforms) = postSolution
		{CA671EB9-DADD-4D06-8FDE-B77100840FE5}.Debug|Any CPU.ActiveCfg = Debug|Any CPU
		{CA671EB9-DADD-4D06-8FDE-B77100840FE5}.Debug|Any CPU.Build.0 = Debug|Any CPU
		{CA671EB9-DADD-4D06-8FDE-B77100840FE5}.Release|Any CPU.ActiveCfg = Release|Any CPU
		{CA671EB9-DADD-4D06-8FDE-B77100840FE5}.Release|Any CPU.Build.0 = Release|Any CPU
	EndGlobalSection
	GlobalSection(SolutionProperties) = preSolution
		HideSolutionNode = FALSE
	EndGlobalSection
	GlobalSection(ExtensibilityGlobals) = postSolution
		SolutionGuid = {27425846-1CAA-44D9-8AA1-8BA44EBA7D2E}
	EndGlobalSection
EndGlobal
